// !$*UTF8*$!
{
	archiveVersion = 1;
	classes = {
	};
	objectVersion = 55;
	objects = {

/* Begin PBXBuildFile section */
		1AADF69328759036008CC4C5 /* AppDelegate.swift in Sources */ = {isa = PBXBuildFile; fileRef = 1AADF69228759036008CC4C5 /* AppDelegate.swift */; };
		1AADF69528759036008CC4C5 /* SceneDelegate.swift in Sources */ = {isa = PBXBuildFile; fileRef = 1AADF69428759036008CC4C5 /* SceneDelegate.swift */; };
		1AADF69728759036008CC4C5 /* ViewController.swift in Sources */ = {isa = PBXBuildFile; fileRef = 1AADF69628759036008CC4C5 /* ViewController.swift */; };
		1AADF69A28759036008CC4C5 /* Main.storyboard in Resources */ = {isa = PBXBuildFile; fileRef = 1AADF69828759036008CC4C5 /* Main.storyboard */; };
		1AADF69C28759036008CC4C5 /* Assets.xcassets in Resources */ = {isa = PBXBuildFile; fileRef = 1AADF69B28759036008CC4C5 /* Assets.xcassets */; };
		1AADF69F28759036008CC4C5 /* LaunchScreen.storyboard in Resources */ = {isa = PBXBuildFile; fileRef = 1AADF69D28759036008CC4C5 /* LaunchScreen.storyboard */; };
		1AADF6AA28759036008CC4C5 /* ForeksCaseTests.swift in Sources */ = {isa = PBXBuildFile; fileRef = 1AADF6A928759036008CC4C5 /* ForeksCaseTests.swift */; };
		1AADF6B428759036008CC4C5 /* ForeksCaseUITests.swift in Sources */ = {isa = PBXBuildFile; fileRef = 1AADF6B328759036008CC4C5 /* ForeksCaseUITests.swift */; };
		1AADF6B628759036008CC4C5 /* ForeksCaseUITestsLaunchTests.swift in Sources */ = {isa = PBXBuildFile; fileRef = 1AADF6B528759036008CC4C5 /* ForeksCaseUITestsLaunchTests.swift */; };
/* End PBXBuildFile section */

/* Begin PBXContainerItemProxy section */
		1AADF6A628759036008CC4C5 /* PBXContainerItemProxy */ = {
			isa = PBXContainerItemProxy;
			containerPortal = 1AADF68728759036008CC4C5 /* Project object */;
			proxyType = 1;
			remoteGlobalIDString = 1AADF68E28759036008CC4C5;
			remoteInfo = ForeksCase;
		};
		1AADF6B028759036008CC4C5 /* PBXContainerItemProxy */ = {
			isa = PBXContainerItemProxy;
			containerPortal = 1AADF68728759036008CC4C5 /* Project object */;
			proxyType = 1;
			remoteGlobalIDString = 1AADF68E28759036008CC4C5;
			remoteInfo = ForeksCase;
		};
/* End PBXContainerItemProxy section */

/* Begin PBXFileReference section */
		1AADF68F28759036008CC4C5 /* ForeksCase.app */ = {isa = PBXFileReference; explicitFileType = wrapper.application; includeInIndex = 0; path = ForeksCase.app; sourceTree = BUILT_PRODUCTS_DIR; };
		1AADF69228759036008CC4C5 /* AppDelegate.swift */ = {isa = PBXFileReference; lastKnownFileType = sourcecode.swift; path = AppDelegate.swift; sourceTree = "<group>"; };
		1AADF69428759036008CC4C5 /* SceneDelegate.swift */ = {isa = PBXFileReference; lastKnownFileType = sourcecode.swift; path = SceneDelegate.swift; sourceTree = "<group>"; };
		1AADF69628759036008CC4C5 /* ViewController.swift */ = {isa = PBXFileReference; lastKnownFileType = sourcecode.swift; path = ViewController.swift; sourceTree = "<group>"; };
		1AADF69928759036008CC4C5 /* Base */ = {isa = PBXFileReference; lastKnownFileType = file.storyboard; name = Base; path = Base.lproj/Main.storyboard; sourceTree = "<group>"; };
		1AADF69B28759036008CC4C5 /* Assets.xcassets */ = {isa = PBXFileReference; lastKnownFileType = folder.assetcatalog; path = Assets.xcassets; sourceTree = "<group>"; };
		1AADF69E28759036008CC4C5 /* Base */ = {isa = PBXFileReference; lastKnownFileType = file.storyboard; name = Base; path = Base.lproj/LaunchScreen.storyboard; sourceTree = "<group>"; };
		1AADF6A028759036008CC4C5 /* Info.plist */ = {isa = PBXFileReference; lastKnownFileType = text.plist.xml; path = Info.plist; sourceTree = "<group>"; };
		1AADF6A528759036008CC4C5 /* ForeksCaseTests.xctest */ = {isa = PBXFileReference; explicitFileType = wrapper.cfbundle; includeInIndex = 0; path = ForeksCaseTests.xctest; sourceTree = BUILT_PRODUCTS_DIR; };
		1AADF6A928759036008CC4C5 /* ForeksCaseTests.swift */ = {isa = PBXFileReference; lastKnownFileType = sourcecode.swift; path = ForeksCaseTests.swift; sourceTree = "<group>"; };
		1AADF6AF28759036008CC4C5 /* ForeksCaseUITests.xctest */ = {isa = PBXFileReference; explicitFileType = wrapper.cfbundle; includeInIndex = 0; path = ForeksCaseUITests.xctest; sourceTree = BUILT_PRODUCTS_DIR; };
		1AADF6B328759036008CC4C5 /* ForeksCaseUITests.swift */ = {isa = PBXFileReference; lastKnownFileType = sourcecode.swift; path = ForeksCaseUITests.swift; sourceTree = "<group>"; };
		1AADF6B528759036008CC4C5 /* ForeksCaseUITestsLaunchTests.swift */ = {isa = PBXFileReference; lastKnownFileType = sourcecode.swift; path = ForeksCaseUITestsLaunchTests.swift; sourceTree = "<group>"; };
/* End PBXFileReference section */

/* Begin PBXFrameworksBuildPhase section */
		1AADF68C28759036008CC4C5 /* Frameworks */ = {
			isa = PBXFrameworksBuildPhase;
			buildActionMask = 2147483647;
			files = (
			);
			runOnlyForDeploymentPostprocessing = 0;
		};
		1AADF6A228759036008CC4C5 /* Frameworks */ = {
			isa = PBXFrameworksBuildPhase;
			buildActionMask = 2147483647;
			files = (
			);
			runOnlyForDeploymentPostprocessing = 0;
		};
		1AADF6AC28759036008CC4C5 /* Frameworks */ = {
			isa = PBXFrameworksBuildPhase;
			buildActionMask = 2147483647;
			files = (
			);
			runOnlyForDeploymentPostprocessing = 0;
		};
/* End PBXFrameworksBuildPhase section */

/* Begin PBXGroup section */
		1AADF68628759036008CC4C5 = {
			isa = PBXGroup;
			children = (
				1AADF69128759036008CC4C5 /* ForeksCase */,
				1AADF6A828759036008CC4C5 /* ForeksCaseTests */,
				1AADF6B228759036008CC4C5 /* ForeksCaseUITests */,
				1AADF69028759036008CC4C5 /* Products */,
			);
			sourceTree = "<group>";
		};
		1AADF69028759036008CC4C5 /* Products */ = {
			isa = PBXGroup;
			children = (
				1AADF68F28759036008CC4C5 /* ForeksCase.app */,
				1AADF6A528759036008CC4C5 /* ForeksCaseTests.xctest */,
				1AADF6AF28759036008CC4C5 /* ForeksCaseUITests.xctest */,
			);
			name = Products;
			sourceTree = "<group>";
		};
		1AADF69128759036008CC4C5 /* ForeksCase */ = {
			isa = PBXGroup;
			children = (
				1AADF69228759036008CC4C5 /* AppDelegate.swift */,
				1AADF69428759036008CC4C5 /* SceneDelegate.swift */,
				1AADF69628759036008CC4C5 /* ViewController.swift */,
				1AADF69828759036008CC4C5 /* Main.storyboard */,
				1AADF69B28759036008CC4C5 /* Assets.xcassets */,
				1AADF69D28759036008CC4C5 /* LaunchScreen.storyboard */,
				1AADF6A028759036008CC4C5 /* Info.plist */,
			);
			path = ForeksCase;
			sourceTree = "<group>";
		};
		1AADF6A828759036008CC4C5 /* ForeksCaseTests */ = {
			isa = PBXGroup;
			children = (
				1AADF6A928759036008CC4C5 /* ForeksCaseTests.swift */,
			);
			path = ForeksCaseTests;
			sourceTree = "<group>";
		};
		1AADF6B228759036008CC4C5 /* ForeksCaseUITests */ = {
			isa = PBXGroup;
			children = (
				1AADF6B328759036008CC4C5 /* ForeksCaseUITests.swift */,
				1AADF6B528759036008CC4C5 /* ForeksCaseUITestsLaunchTests.swift */,
			);
			path = ForeksCaseUITests;
			sourceTree = "<group>";
		};
/* End PBXGroup section */

/* Begin PBXNativeTarget section */
		1AADF68E28759036008CC4C5 /* ForeksCase */ = {
			isa = PBXNativeTarget;
			buildConfigurationList = 1AADF6B928759036008CC4C5 /* Build configuration list for PBXNativeTarget "ForeksCase" */;
			buildPhases = (
				1AADF68B28759036008CC4C5 /* Sources */,
				1AADF68C28759036008CC4C5 /* Frameworks */,
				1AADF68D28759036008CC4C5 /* Resources */,
			);
			buildRules = (
			);
			dependencies = (
			);
			name = ForeksCase;
			productName = ForeksCase;
			productReference = 1AADF68F28759036008CC4C5 /* ForeksCase.app */;
			productType = "com.apple.product-type.application";
		};
		1AADF6A428759036008CC4C5 /* ForeksCaseTests */ = {
			isa = PBXNativeTarget;
			buildConfigurationList = 1AADF6BC28759036008CC4C5 /* Build configuration list for PBXNativeTarget "ForeksCaseTests" */;
			buildPhases = (
				1AADF6A128759036008CC4C5 /* Sources */,
				1AADF6A228759036008CC4C5 /* Frameworks */,
				1AADF6A328759036008CC4C5 /* Resources */,
			);
			buildRules = (
			);
			dependencies = (
				1AADF6A728759036008CC4C5 /* PBXTargetDependency */,
			);
			name = ForeksCaseTests;
			productName = ForeksCaseTests;
			productReference = 1AADF6A528759036008CC4C5 /* ForeksCaseTests.xctest */;
			productType = "com.apple.product-type.bundle.unit-test";
		};
		1AADF6AE28759036008CC4C5 /* ForeksCaseUITests */ = {
			isa = PBXNativeTarget;
			buildConfigurationList = 1AADF6BF28759036008CC4C5 /* Build configuration list for PBXNativeTarget "ForeksCaseUITests" */;
			buildPhases = (
				1AADF6AB28759036008CC4C5 /* Sources */,
				1AADF6AC28759036008CC4C5 /* Frameworks */,
				1AADF6AD28759036008CC4C5 /* Resources */,
			);
			buildRules = (
			);
			dependencies = (
				1AADF6B128759036008CC4C5 /* PBXTargetDependency */,
			);
			name = ForeksCaseUITests;
			productName = ForeksCaseUITests;
			productReference = 1AADF6AF28759036008CC4C5 /* ForeksCaseUITests.xctest */;
			productType = "com.apple.product-type.bundle.ui-testing";
		};
/* End PBXNativeTarget section */

/* Begin PBXProject section */
		1AADF68728759036008CC4C5 /* Project object */ = {
			isa = PBXProject;
			attributes = {
				BuildIndependentTargetsInParallel = 1;
				LastSwiftUpdateCheck = 1330;
				LastUpgradeCheck = 1330;
				TargetAttributes = {
					1AADF68E28759036008CC4C5 = {
						CreatedOnToolsVersion = 13.3;
					};
					1AADF6A428759036008CC4C5 = {
						CreatedOnToolsVersion = 13.3;
						TestTargetID = 1AADF68E28759036008CC4C5;
					};
					1AADF6AE28759036008CC4C5 = {
						CreatedOnToolsVersion = 13.3;
						TestTargetID = 1AADF68E28759036008CC4C5;
					};
				};
			};
			buildConfigurationList = 1AADF68A28759036008CC4C5 /* Build configuration list for PBXProject "ForeksCase" */;
			compatibilityVersion = "Xcode 13.0";
			developmentRegion = en;
			hasScannedForEncodings = 0;
			knownRegions = (
				en,
				Base,
			);
			mainGroup = 1AADF68628759036008CC4C5;
			productRefGroup = 1AADF69028759036008CC4C5 /* Products */;
			projectDirPath = "";
			projectRoot = "";
			targets = (
				1AADF68E28759036008CC4C5 /* ForeksCase */,
				1AADF6A428759036008CC4C5 /* ForeksCaseTests */,
				1AADF6AE28759036008CC4C5 /* ForeksCaseUITests */,
			);
		};
/* End PBXProject section */

/* Begin PBXResourcesBuildPhase section */
		1AADF68D28759036008CC4C5 /* Resources */ = {
			isa = PBXResourcesBuildPhase;
			buildActionMask = 2147483647;
			files = (
				1AADF69F28759036008CC4C5 /* LaunchScreen.storyboard in Resources */,
				1AADF69C28759036008CC4C5 /* Assets.xcassets in Resources */,
				1AADF69A28759036008CC4C5 /* Main.storyboard in Resources */,
			);
			runOnlyForDeploymentPostprocessing = 0;
		};
		1AADF6A328759036008CC4C5 /* Resources */ = {
			isa = PBXResourcesBuildPhase;
			buildActionMask = 2147483647;
			files = (
			);
			runOnlyForDeploymentPostprocessing = 0;
		};
		1AADF6AD28759036008CC4C5 /* Resources */ = {
			isa = PBXResourcesBuildPhase;
			buildActionMask = 2147483647;
			files = (
			);
			runOnlyForDeploymentPostprocessing = 0;
		};
/* End PBXResourcesBuildPhase section */

/* Begin PBXSourcesBuildPhase section */
		1AADF68B28759036008CC4C5 /* Sources */ = {
			isa = PBXSourcesBuildPhase;
			buildActionMask = 2147483647;
			files = (
				1AADF69728759036008CC4C5 /* ViewController.swift in Sources */,
				1AADF69328759036008CC4C5 /* AppDelegate.swift in Sources */,
				1AADF69528759036008CC4C5 /* SceneDelegate.swift in Sources */,
			);
			runOnlyForDeploymentPostprocessing = 0;
		};
		1AADF6A128759036008CC4C5 /* Sources */ = {
			isa = PBXSourcesBuildPhase;
			buildActionMask = 2147483647;
			files = (
				1AADF6AA28759036008CC4C5 /* ForeksCaseTests.swift in Sources */,
			);
			runOnlyForDeploymentPostprocessing = 0;
		};
		1AADF6AB28759036008CC4C5 /* Sources */ = {
			isa = PBXSourcesBuildPhase;
			buildActionMask = 2147483647;
			files = (
				1AADF6B628759036008CC4C5 /* ForeksCaseUITestsLaunchTests.swift in Sources */,
				1AADF6B428759036008CC4C5 /* ForeksCaseUITests.swift in Sources */,
			);
			runOnlyForDeploymentPostprocessing = 0;
		};
/* End PBXSourcesBuildPhase section */

/* Begin PBXTargetDependency section */
		1AADF6A728759036008CC4C5 /* PBXTargetDependency */ = {
			isa = PBXTargetDependency;
			target = 1AADF68E28759036008CC4C5 /* ForeksCase */;
			targetProxy = 1AADF6A628759036008CC4C5 /* PBXContainerItemProxy */;
		};
		1AADF6B128759036008CC4C5 /* PBXTargetDependency */ = {
			isa = PBXTargetDependency;
			target = 1AADF68E28759036008CC4C5 /* ForeksCase */;
			targetProxy = 1AADF6B028759036008CC4C5 /* PBXContainerItemProxy */;
		};
/* End PBXTargetDependency section */

/* Begin PBXVariantGroup section */
		1AADF69828759036008CC4C5 /* Main.storyboard */ = {
			isa = PBXVariantGroup;
			children = (
				1AADF69928759036008CC4C5 /* Base */,
			);
			name = Main.storyboard;
			sourceTree = "<group>";
		};
		1AADF69D28759036008CC4C5 /* LaunchScreen.storyboard */ = {
			isa = PBXVariantGroup;
			children = (
				1AADF69E28759036008CC4C5 /* Base */,
			);
			name = LaunchScreen.storyboard;
			sourceTree = "<group>";
		};
/* End PBXVariantGroup section */

/* Begin XCBuildConfiguration section */
		1AADF6B728759036008CC4C5 /* Debug */ = {
			isa = XCBuildConfiguration;
			buildSettings = {
				ALWAYS_SEARCH_USER_PATHS = NO;
				CLANG_ANALYZER_NONNULL = YES;
				CLANG_ANALYZER_NUMBER_OBJECT_CONVERSION = YES_AGGRESSIVE;
				CLANG_CXX_LANGUAGE_STANDARD = "gnu++17";
				CLANG_ENABLE_MODULES = YES;
				CLANG_ENABLE_OBJC_ARC = YES;
				CLANG_ENABLE_OBJC_WEAK = YES;
				CLANG_WARN_BLOCK_CAPTURE_AUTORELEASING = YES;
				CLANG_WARN_BOOL_CONVERSION = YES;
				CLANG_WARN_COMMA = YES;
				CLANG_WARN_CONSTANT_CONVERSION = YES;
				CLANG_WARN_DEPRECATED_OBJC_IMPLEMENTATIONS = YES;
				CLANG_WARN_DIRECT_OBJC_ISA_USAGE = YES_ERROR;
				CLANG_WARN_DOCUMENTATION_COMMENTS = YES;
				CLANG_WARN_EMPTY_BODY = YES;
				CLANG_WARN_ENUM_CONVERSION = YES;
				CLANG_WARN_INFINITE_RECURSION = YES;
				CLANG_WARN_INT_CONVERSION = YES;
				CLANG_WARN_NON_LITERAL_NULL_CONVERSION = YES;
				CLANG_WARN_OBJC_IMPLICIT_RETAIN_SELF = YES;
				CLANG_WARN_OBJC_LITERAL_CONVERSION = YES;
				CLANG_WARN_OBJC_ROOT_CLASS = YES_ERROR;
				CLANG_WARN_QUOTED_INCLUDE_IN_FRAMEWORK_HEADER = YES;
				CLANG_WARN_RANGE_LOOP_ANALYSIS = YES;
				CLANG_WARN_STRICT_PROTOTYPES = YES;
				CLANG_WARN_SUSPICIOUS_MOVE = YES;
				CLANG_WARN_UNGUARDED_AVAILABILITY = YES_AGGRESSIVE;
				CLANG_WARN_UNREACHABLE_CODE = YES;
				CLANG_WARN__DUPLICATE_METHOD_MATCH = YES;
				COPY_PHASE_STRIP = NO;
				DEBUG_INFORMATION_FORMAT = dwarf;
				ENABLE_STRICT_OBJC_MSGSEND = YES;
				ENABLE_TESTABILITY = YES;
				GCC_C_LANGUAGE_STANDARD = gnu11;
				GCC_DYNAMIC_NO_PIC = NO;
				GCC_NO_COMMON_BLOCKS = YES;
				GCC_OPTIMIZATION_LEVEL = 0;
				GCC_PREPROCESSOR_DEFINITIONS = (
					"DEBUG=1",
					"$(inherited)",
				);
				GCC_WARN_64_TO_32_BIT_CONVERSION = YES;
				GCC_WARN_ABOUT_RETURN_TYPE = YES_ERROR;
				GCC_WARN_UNDECLARED_SELECTOR = YES;
				GCC_WARN_UNINITIALIZED_AUTOS = YES_AGGRESSIVE;
				GCC_WARN_UNUSED_FUNCTION = YES;
				GCC_WARN_UNUSED_VARIABLE = YES;
				IPHONEOS_DEPLOYMENT_TARGET = 15.4;
				MTL_ENABLE_DEBUG_INFO = INCLUDE_SOURCE;
				MTL_FAST_MATH = YES;
				ONLY_ACTIVE_ARCH = YES;
				SDKROOT = iphoneos;
				SWIFT_ACTIVE_COMPILATION_CONDITIONS = DEBUG;
				SWIFT_OPTIMIZATION_LEVEL = "-Onone";
			};
			name = Debug;
		};
		1AADF6B828759036008CC4C5 /* Release */ = {
			isa = XCBuildConfiguration;
			buildSettings = {
				ALWAYS_SEARCH_USER_PATHS = NO;
				CLANG_ANALYZER_NONNULL = YES;
				CLANG_ANALYZER_NUMBER_OBJECT_CONVERSION = YES_AGGRESSIVE;
				CLANG_CXX_LANGUAGE_STANDARD = "gnu++17";
				CLANG_ENABLE_MODULES = YES;
				CLANG_ENABLE_OBJC_ARC = YES;
				CLANG_ENABLE_OBJC_WEAK = YES;
				CLANG_WARN_BLOCK_CAPTURE_AUTORELEASING = YES;
				CLANG_WARN_BOOL_CONVERSION = YES;
				CLANG_WARN_COMMA = YES;
				CLANG_WARN_CONSTANT_CONVERSION = YES;
				CLANG_WARN_DEPRECATED_OBJC_IMPLEMENTATIONS = YES;
				CLANG_WARN_DIRECT_OBJC_ISA_USAGE = YES_ERROR;
				CLANG_WARN_DOCUMENTATION_COMMENTS = YES;
				CLANG_WARN_EMPTY_BODY = YES;
				CLANG_WARN_ENUM_CONVERSION = YES;
				CLANG_WARN_INFINITE_RECURSION = YES;
				CLANG_WARN_INT_CONVERSION = YES;
				CLANG_WARN_NON_LITERAL_NULL_CONVERSION = YES;
				CLANG_WARN_OBJC_IMPLICIT_RETAIN_SELF = YES;
				CLANG_WARN_OBJC_LITERAL_CONVERSION = YES;
				CLANG_WARN_OBJC_ROOT_CLASS = YES_ERROR;
				CLANG_WARN_QUOTED_INCLUDE_IN_FRAMEWORK_HEADER = YES;
				CLANG_WARN_RANGE_LOOP_ANALYSIS = YES;
				CLANG_WARN_STRICT_PROTOTYPES = YES;
				CLANG_WARN_SUSPICIOUS_MOVE = YES;
				CLANG_WARN_UNGUARDED_AVAILABILITY = YES_AGGRESSIVE;
				CLANG_WARN_UNREACHABLE_CODE = YES;
				CLANG_WARN__DUPLICATE_METHOD_MATCH = YES;
				COPY_PHASE_STRIP = NO;
				DEBUG_INFORMATION_FORMAT = "dwarf-with-dsym";
				ENABLE_NS_ASSERTIONS = NO;
				ENABLE_STRICT_OBJC_MSGSEND = YES;
				GCC_C_LANGUAGE_STANDARD = gnu11;
				GCC_NO_COMMON_BLOCKS = YES;
				GCC_WARN_64_TO_32_BIT_CONVERSION = YES;
				GCC_WARN_ABOUT_RETURN_TYPE = YES_ERROR;
				GCC_WARN_UNDECLARED_SELECTOR = YES;
				GCC_WARN_UNINITIALIZED_AUTOS = YES_AGGRESSIVE;
				GCC_WARN_UNUSED_FUNCTION = YES;
				GCC_WARN_UNUSED_VARIABLE = YES;
				IPHONEOS_DEPLOYMENT_TARGET = 15.4;
				MTL_ENABLE_DEBUG_INFO = NO;
				MTL_FAST_MATH = YES;
				SDKROOT = iphoneos;
				SWIFT_COMPILATION_MODE = wholemodule;
				SWIFT_OPTIMIZATION_LEVEL = "-O";
				VALIDATE_PRODUCT = YES;
			};
			name = Release;
		};
		1AADF6BA28759036008CC4C5 /* Debug */ = {
			isa = XCBuildConfiguration;
			buildSettings = {
				ASSETCATALOG_COMPILER_APPICON_NAME = AppIcon;
				ASSETCATALOG_COMPILER_GLOBAL_ACCENT_COLOR_NAME = AccentColor;
				CODE_SIGN_STYLE = Automatic;
				CURRENT_PROJECT_VERSION = 1;
				GENERATE_INFOPLIST_FILE = YES;
				INFOPLIST_FILE = ForeksCase/Info.plist;
				INFOPLIST_KEY_UIApplicationSupportsIndirectInputEvents = YES;
				INFOPLIST_KEY_UILaunchStoryboardName = LaunchScreen;
				INFOPLIST_KEY_UIMainStoryboardFile = Main;
				INFOPLIST_KEY_UISupportedInterfaceOrientations_iPad = "UIInterfaceOrientationPortrait UIInterfaceOrientationPortraitUpsideDown UIInterfaceOrientationLandscapeLeft UIInterfaceOrientationLandscapeRight";
				INFOPLIST_KEY_UISupportedInterfaceOrientations_iPhone = "UIInterfaceOrientationPortrait UIInterfaceOrientationLandscapeLeft UIInterfaceOrientationLandscapeRight";
				LD_RUNPATH_SEARCH_PATHS = (
					"$(inherited)",
					"@executable_path/Frameworks",
				);
				MARKETING_VERSION = 1.0;
				PRODUCT_BUNDLE_IDENTIFIER = halekmc.ForeksCase;
				PRODUCT_NAME = "$(TARGET_NAME)";
				SWIFT_EMIT_LOC_STRINGS = YES;
				SWIFT_VERSION = 5.0;
				TARGETED_DEVICE_FAMILY = "1,2";
			};
			name = Debug;
		};
		1AADF6BB28759036008CC4C5 /* Release */ = {
			isa = XCBuildConfiguration;
			buildSettings = {
				ASSETCATALOG_COMPILER_APPICON_NAME = AppIcon;
				ASSETCATALOG_COMPILER_GLOBAL_ACCENT_COLOR_NAME = AccentColor;
				CODE_SIGN_STYLE = Automatic;
				CURRENT_PROJECT_VERSION = 1;
				GENERATE_INFOPLIST_FILE = YES;
				INFOPLIST_FILE = ForeksCase/Info.plist;
				INFOPLIST_KEY_UIApplicationSupportsIndirectInputEvents = YES;
				INFOPLIST_KEY_UILaunchStoryboardName = LaunchScreen;
				INFOPLIST_KEY_UIMainStoryboardFile = Main;
				INFOPLIST_KEY_UISupportedInterfaceOrientations_iPad = "UIInterfaceOrientationPortrait UIInterfaceOrientationPortraitUpsideDown UIInterfaceOrientationLandscapeLeft UIInterfaceOrientationLandscapeRight";
				INFOPLIST_KEY_UISupportedInterfaceOrientations_iPhone = "UIInterfaceOrientationPortrait UIInterfaceOrientationLandscapeLeft UIInterfaceOrientationLandscapeRight";
				LD_RUNPATH_SEARCH_PATHS = (
					"$(inherited)",
					"@executable_path/Frameworks",
				);
				MARKETING_VERSION = 1.0;
				PRODUCT_BUNDLE_IDENTIFIER = halekmc.ForeksCase;
				PRODUCT_NAME = "$(TARGET_NAME)";
				SWIFT_EMIT_LOC_STRINGS = YES;
				SWIFT_VERSION = 5.0;
				TARGETED_DEVICE_FAMILY = "1,2";
			};
			name = Release;
		};
		1AADF6BD28759036008CC4C5 /* Debug */ = {
			isa = XCBuildConfiguration;
			buildSettings = {
				ALWAYS_EMBED_SWIFT_STANDARD_LIBRARIES = YES;
				BUNDLE_LOADER = "$(TEST_HOST)";
				CODE_SIGN_STYLE = Automatic;
				CURRENT_PROJECT_VERSION = 1;
				GENERATE_INFOPLIST_FILE = YES;
				IPHONEOS_DEPLOYMENT_TARGET = 15.4;
				MARKETING_VERSION = 1.0;
				PRODUCT_BUNDLE_IDENTIFIER = halekmc.ForeksCaseTests;
				PRODUCT_NAME = "$(TARGET_NAME)";
				SWIFT_EMIT_LOC_STRINGS = NO;
				SWIFT_VERSION = 5.0;
				TARGETED_DEVICE_FAMILY = "1,2";
				TEST_HOST = "$(BUILT_PRODUCTS_DIR)/ForeksCase.app/ForeksCase";
			};
			name = Debug;
		};
		1AADF6BE28759036008CC4C5 /* Release */ = {
			isa = XCBuildConfiguration;
			buildSettings = {
				ALWAYS_EMBED_SWIFT_STANDARD_LIBRARIES = YES;
				BUNDLE_LOADER = "$(TEST_HOST)";
				CODE_SIGN_STYLE = Automatic;
				CURRENT_PROJECT_VERSION = 1;
				GENERATE_INFOPLIST_FILE = YES;
				IPHONEOS_DEPLOYMENT_TARGET = 15.4;
				MARKETING_VERSION = 1.0;
				PRODUCT_BUNDLE_IDENTIFIER = halekmc.ForeksCaseTests;
				PRODUCT_NAME = "$(TARGET_NAME)";
				SWIFT_EMIT_LOC_STRINGS = NO;
				SWIFT_VERSION = 5.0;
				TARGETED_DEVICE_FAMILY = "1,2";
				TEST_HOST = "$(BUILT_PRODUCTS_DIR)/ForeksCase.app/ForeksCase";
			};
			name = Release;
		};
		1AADF6C028759036008CC4C5 /* Debug */ = {
			isa = XCBuildConfiguration;
			buildSettings = {
				ALWAYS_EMBED_SWIFT_STANDARD_LIBRARIES = YES;
				CODE_SIGN_STYLE = Automatic;
				CURRENT_PROJECT_VERSION = 1;
				GENERATE_INFOPLIST_FILE = YES;
				MARKETING_VERSION = 1.0;
				PRODUCT_BUNDLE_IDENTIFIER = halekmc.ForeksCaseUITests;
				PRODUCT_NAME = "$(TARGET_NAME)";
				SWIFT_EMIT_LOC_STRINGS = NO;
				SWIFT_VERSION = 5.0;
				TARGETED_DEVICE_FAMILY = "1,2";
				TEST_TARGET_NAME = ForeksCase;
			};
			name = Debug;
		};
		1AADF6C128759036008CC4C5 /* Release */ = {
			isa = XCBuildConfiguration;
			buildSettings = {
				ALWAYS_EMBED_SWIFT_STANDARD_LIBRARIES = YES;
				CODE_SIGN_STYLE = Automatic;
				CURRENT_PROJECT_VERSION = 1;
				GENERATE_INFOPLIST_FILE = YES;
				MARKETING_VERSION = 1.0;
				PRODUCT_BUNDLE_IDENTIFIER = halekmc.ForeksCaseUITests;
				PRODUCT_NAME = "$(TARGET_NAME)";
				SWIFT_EMIT_LOC_STRINGS = NO;
				SWIFT_VERSION = 5.0;
				TARGETED_DEVICE_FAMILY = "1,2";
				TEST_TARGET_NAME = ForeksCase;
			};
			name = Release;
		};
/* End XCBuildConfiguration section */

/* Begin XCConfigurationList section */
		1AADF68A28759036008CC4C5 /* Build configuration list for PBXProject "ForeksCase" */ = {
			isa = XCConfigurationList;
			buildConfigurations = (
				1AADF6B728759036008CC4C5 /* Debug */,
				1AADF6B828759036008CC4C5 /* Release */,
			);
			defaultConfigurationIsVisible = 0;
			defaultConfigurationName = Release;
		};
		1AADF6B928759036008CC4C5 /* Build configuration list for PBXNativeTarget "ForeksCase" */ = {
			isa = XCConfigurationList;
			buildConfigurations = (
				1AADF6BA28759036008CC4C5 /* Debug */,
				1AADF6BB28759036008CC4C5 /* Release */,
			);
			defaultConfigurationIsVisible = 0;
			defaultConfigurationName = Release;
		};
		1AADF6BC28759036008CC4C5 /* Build configuration list for PBXNativeTarget "ForeksCaseTests" */ = {
			isa = XCConfigurationList;
			buildConfigurations = (
				1AADF6BD28759036008CC4C5 /* Debug */,
				1AADF6BE28759036008CC4C5 /* Release */,
			);
			defaultConfigurationIsVisible = 0;
			defaultConfigurationName = Release;
		};
		1AADF6BF28759036008CC4C5 /* Build configuration list for PBXNativeTarget "ForeksCaseUITests" */ = {
			isa = XCConfigurationList;
			buildConfigurations = (
				1AADF6C028759036008CC4C5 /* Debug */,
				1AADF6C128759036008CC4C5 /* Release */,
			);
			defaultConfigurationIsVisible = 0;
			defaultConfigurationName = Release;
		};
/* End XCConfigurationList section */
	};
	rootObject = 1AADF68728759036008CC4C5 /* Project object */;
}
